
Microsoft Visual Studio Solution File, Format Version 12.00
# Visual Studio 14
VisualStudioVersion = 14.0.24720.0
MinimumVisualStudioVersion = 10.0.40219.1
Project("{FAE04EC0-301F-11D3-BF4B-00C04F79EFBC}") = "Cinema.DataAccess", "Cinema.DataAccess\Cinema.DataAccess.csproj", "{A1F517EB-23E7-435E-A3FA-85F3A1A2B011}"
EndProject
Project("{FAE04EC0-301F-11D3-BF4B-00C04F79EFBC}") = "Cinema.Web", "Cinema.Web\Cinema.Web.csproj", "{47017A04-45DC-4D18-BC8E-AA51CBA46A85}"
EndProject
Project("{FAE04EC0-301F-11D3-BF4B-00C04F79EFBC}") = "Cinema.Services", "Cinema.Services\Cinema.Services.csproj", "{81FE8B1F-60A0-444A-A63C-3F2222BCA1CD}"
EndProject
Project("{FAE04EC0-301F-11D3-BF4B-00C04F79EFBC}") = "Cinema.Test", "Cinema.Test\Cinema.Test.csproj", "{2BF82F33-C8CB-49F5-BCE3-7E8AB89694B6}"
EndProject
Global
	GlobalSection(SolutionConfigurationPlatforms) = preSolution
		Debug|Any CPU = Debug|Any CPU
		Release|Any CPU = Release|Any CPU
	EndGlobalSection
	GlobalSection(ProjectConfigurationPlatforms) = postSolution
		{A1F517EB-23E7-435E-A3FA-85F3A1A2B011}.Debug|Any CPU.ActiveCfg = Debug|Any CPU
		{A1F517EB-23E7-435E-A3FA-85F3A1A2B011}.Debug|Any CPU.Build.0 = Debug|Any CPU
		{A1F517EB-23E7-435E-A3FA-85F3A1A2B011}.Release|Any CPU.ActiveCfg = Release|Any CPU
		{A1F517EB-23E7-435E-A3FA-85F3A1A2B011}.Release|Any CPU.Build.0 = Release|Any CPU
		{47017A04-45DC-4D18-BC8E-AA51CBA46A85}.Debug|Any CPU.ActiveCfg = Debug|Any CPU
		{47017A04-45DC-4D18-BC8E-AA51CBA46A85}.Debug|Any CPU.Build.0 = Debug|Any CPU
		{47017A04-45DC-4D18-BC8E-AA51CBA46A85}.Release|Any CPU.ActiveCfg = Release|Any CPU
		{47017A04-45DC-4D18-BC8E-AA51CBA46A85}.Release|Any CPU.Build.0 = Release|Any CPU
		{81FE8B1F-60A0-444A-A63C-3F2222BCA1CD}.Debug|Any CPU.ActiveCfg = Debug|Any CPU
		{81FE8B1F-60A0-444A-A63C-3F2222BCA1CD}.Debug|Any CPU.Build.0 = Debug|Any CPU
		{81FE8B1F-60A0-444A-A63C-3F2222BCA1CD}.Release|Any CPU.ActiveCfg = Release|Any CPU
		{81FE8B1F-60A0-444A-A63C-3F2222BCA1CD}.Release|Any CPU.Build.0 = Release|Any CPU
		{2BF82F33-C8CB-49F5-BCE3-7E8AB89694B6}.Debug|Any CPU.ActiveCfg = Debug|Any CPU
		{2BF82F33-C8CB-49F5-BCE3-7E8AB89694B6}.Debug|Any CPU.Build.0 = Debug|Any CPU
		{2BF82F33-C8CB-49F5-BCE3-7E8AB89694B6}.Release|Any CPU.ActiveCfg = Release|Any CPU
		{2BF82F33-C8CB-49F5-BCE3-7E8AB89694B6}.Release|Any CPU.Build.0 = Release|Any CPU
	EndGlobalSection
	GlobalSection(SolutionProperties) = preSolution
		HideSolutionNode = FALSE
	EndGlobalSection
EndGlobal
